<?xml version="1.0" encoding="utf-8"?>
<Project ToolsVersion="4.0" xmlns="http://schemas.microsoft.com/developer/msbuild/2003">
  <ItemGroup>
    <Filter Include="Source Files">
      <UniqueIdentifier>{4FC737F1-C7A5-4376-A066-2A32D752A2FF}</UniqueIdentifier>
      <Extensions>cpp;c;cc;cxx;def;odl;idl;hpj;bat;asm;asmx;cpp</Extensions>
    </Filter>
  </ItemGroup>
  <ItemGroup>
    <ClCompile Include="stdafx.cpp">
      <Filter>Source Files</Filter>
    </ClCompile>
    <ClCompile Include="CoreBRect.cpp">
      <Filter>Source Files</Filter>
    </ClCompile>
    <ClCompile Include="CoreFont.cpp">
      <Filter>Source Files</Filter>
    </ClCompile>
    <ClCompile Include="CoreFontRepository.cpp">
      <Filter>Source Files</Filter>
    </ClCompile>
    <ClCompile Include="CoreApp.cpp">
      <Filter>Source Files</Filter>
    </ClCompile>
    <ClCompile Include="CoreAssetRepository.cpp">
      <Filter>Source Files</Filter>
    </ClCompile>
    <ClCompile Include="CoreBSphere.cpp">
      <Filter>Source Files</Filter>
    </ClCompile>
  </ItemGroup>
  <ItemGroup>
    <ClInclude Include="stdafx.h">
      <Filter>Source Files</Filter>
    </ClInclude>
    <ClInclude Include="CoreBRect.h">
      <Filter>Source Files</Filter>
    </ClInclude>
    <ClInclude Include="CoreFont.h">
      <Filter>Source Files</Filter>
    </ClInclude>
    <ClInclude Include="CoreFwd.h">
      <Filter>Source Files</Filter>
    </ClInclude>
    <ClInclude Include="CoreFontRepository.h">
      <Filter>Source Files</Filter>
    </ClInclude>
    <ClInclude Include="CoreAssetRepository.h">
      <Filter>Source Files</Filter>
    </ClInclude>
    <ClInclude Include="CoreApp.h">
      <Filter>Source Files</Filter>
    </ClInclude>
    <ClInclude Include="CoreAppTask.h">
      <Filter>Source Files</Filter>
    </ClInclude>
    <ClInclude Include="CoreInputEvents.h">
      <Filter>Source Files</Filter>
    </ClInclude>
    <ClInclude Include="CoreEvents.h">
      <Filter>Source Files</Filter>
    </ClInclude>
    <ClInclude Include="DataFont.h">
      <Filter>Source Files</Filter>
    </ClInclude>
    <ClInclude Include="CoreBSphere.h">
      <Filter>Source Files</Filter>
    </ClInclude>
    <ClInclude Include="CoreBLine.h">
      <Filter>Source Files</Filter>
    </ClInclude>
  </ItemGroup>
</Project>