
Microsoft Visual Studio Solution File, Format Version 12.00
# Visual Studio 15
VisualStudioVersion = 15.0.26403.7
MinimumVisualStudioVersion = 10.0.40219.1
Project("{8BC9CEB8-8B4A-11D0-8D11-00A0C91BC942}") = "App", "App\App.vcxproj", "{76EE33B3-F717-4EB0-BDE4-4C99930F82BC}"
EndProject
Project("{8BC9CEB8-8B4A-11D0-8D11-00A0C91BC942}") = "kikiCore", "kikiCore\kikiCore.vcxproj", "{A60BD768-632D-4EBF-BCF4-75EB57C42BA3}"
EndProject
Project("{8BC9CEB8-8B4A-11D0-8D11-00A0C91BC942}") = "kikiGfx", "kikiGfx\kikiGfx.vcxproj", "{9998D53B-CB0B-4E21-A0B6-FEC9A27AFF01}"
EndProject
Project("{8BC9CEB8-8B4A-11D0-8D11-00A0C91BC942}") = "kikiEco", "kikiEco\kikiEco.vcxproj", "{A688FA20-A217-4D01-8BE8-1C3751F424BD}"
EndProject
Global
	GlobalSection(SolutionConfigurationPlatforms) = preSolution
		Debug|x64 = Debug|x64
		Debug|x86 = Debug|x86
		Release|x64 = Release|x64
		Release|x86 = Release|x86
	EndGlobalSection
	GlobalSection(ProjectConfigurationPlatforms) = postSolution
		{76EE33B3-F717-4EB0-BDE4-4C99930F82BC}.Debug|x64.ActiveCfg = Debug|x64
		{76EE33B3-F717-4EB0-BDE4-4C99930F82BC}.Debug|x64.Build.0 = Debug|x64
		{76EE33B3-F717-4EB0-BDE4-4C99930F82BC}.Debug|x86.ActiveCfg = Debug|Win32
		{76EE33B3-F717-4EB0-BDE4-4C99930F82BC}.Debug|x86.Build.0 = Debug|Win32
		{76EE33B3-F717-4EB0-BDE4-4C99930F82BC}.Release|x64.ActiveCfg = Release|x64
		{76EE33B3-F717-4EB0-BDE4-4C99930F82BC}.Release|x64.Build.0 = Release|x64
		{76EE33B3-F717-4EB0-BDE4-4C99930F82BC}.Release|x86.ActiveCfg = Release|Win32
		{76EE33B3-F717-4EB0-BDE4-4C99930F82BC}.Release|x86.Build.0 = Release|Win32
		{A60BD768-632D-4EBF-BCF4-75EB57C42BA3}.Debug|x64.ActiveCfg = Debug|x64
		{A60BD768-632D-4EBF-BCF4-75EB57C42BA3}.Debug|x64.Build.0 = Debug|x64
		{A60BD768-632D-4EBF-BCF4-75EB57C42BA3}.Debug|x86.ActiveCfg = Debug|Win32
		{A60BD768-632D-4EBF-BCF4-75EB57C42BA3}.Debug|x86.Build.0 = Debug|Win32
		{A60BD768-632D-4EBF-BCF4-75EB57C42BA3}.Release|x64.ActiveCfg = Release|x64
		{A60BD768-632D-4EBF-BCF4-75EB57C42BA3}.Release|x64.Build.0 = Release|x64
		{A60BD768-632D-4EBF-BCF4-75EB57C42BA3}.Release|x86.ActiveCfg = Release|Win32
		{A60BD768-632D-4EBF-BCF4-75EB57C42BA3}.Release|x86.Build.0 = Release|Win32
		{9998D53B-CB0B-4E21-A0B6-FEC9A27AFF01}.Debug|x64.ActiveCfg = Debug|x64
		{9998D53B-CB0B-4E21-A0B6-FEC9A27AFF01}.Debug|x64.Build.0 = Debug|x64
		{9998D53B-CB0B-4E21-A0B6-FEC9A27AFF01}.Debug|x86.ActiveCfg = Debug|Win32
		{9998D53B-CB0B-4E21-A0B6-FEC9A27AFF01}.Debug|x86.Build.0 = Debug|Win32
		{9998D53B-CB0B-4E21-A0B6-FEC9A27AFF01}.Release|x64.ActiveCfg = Release|x64
		{9998D53B-CB0B-4E21-A0B6-FEC9A27AFF01}.Release|x64.Build.0 = Release|x64
		{9998D53B-CB0B-4E21-A0B6-FEC9A27AFF01}.Release|x86.ActiveCfg = Release|Win32
		{9998D53B-CB0B-4E21-A0B6-FEC9A27AFF01}.Release|x86.Build.0 = Release|Win32
		{A688FA20-A217-4D01-8BE8-1C3751F424BD}.Debug|x64.ActiveCfg = Debug|x64
		{A688FA20-A217-4D01-8BE8-1C3751F424BD}.Debug|x64.Build.0 = Debug|x64
		{A688FA20-A217-4D01-8BE8-1C3751F424BD}.Debug|x86.ActiveCfg = Debug|Win32
		{A688FA20-A217-4D01-8BE8-1C3751F424BD}.Debug|x86.Build.0 = Debug|Win32
		{A688FA20-A217-4D01-8BE8-1C3751F424BD}.Release|x64.ActiveCfg = Release|x64
		{A688FA20-A217-4D01-8BE8-1C3751F424BD}.Release|x64.Build.0 = Release|x64
		{A688FA20-A217-4D01-8BE8-1C3751F424BD}.Release|x86.ActiveCfg = Release|Win32
		{A688FA20-A217-4D01-8BE8-1C3751F424BD}.Release|x86.Build.0 = Release|Win32
	EndGlobalSection
	GlobalSection(SolutionProperties) = preSolution
		HideSolutionNode = FALSE
	EndGlobalSection
EndGlobal
