<?xml version="1.0" encoding="utf-8"?>
<Project ToolsVersion="4.0" xmlns="http://schemas.microsoft.com/developer/msbuild/2003">
  <ItemGroup>
    <Filter Include="Source Files">
      <UniqueIdentifier>{4FC737F1-C7A5-4376-A066-2A32D752A2FF}</UniqueIdentifier>
      <Extensions>cpp;c;cc;cxx;def;odl;idl;hpj;bat;asm;asmx</Extensions>
    </Filter>
  </ItemGroup>
  <ItemGroup>
    <ClCompile Include="stdafx.cpp">
      <Filter>Source Files</Filter>
    </ClCompile>
    <ClCompile Include="ECOXml.cpp">
      <Filter>Source Files</Filter>
    </ClCompile>
    <ClCompile Include="ECOUniverse.cpp">
      <Filter>Source Files</Filter>
    </ClCompile>
    <ClCompile Include="ECOEntity.cpp">
      <Filter>Source Files</Filter>
    </ClCompile>
    <ClCompile Include="ECOComponent.cpp">
      <Filter>Source Files</Filter>
    </ClCompile>
    <ClCompile Include="ECOTradeRoute.cpp">
      <Filter>Source Files</Filter>
    </ClCompile>
    <ClCompile Include="ECOCompMarket.cpp">
      <Filter>Source Files</Filter>
    </ClCompile>
    <ClCompile Include="ECOCompDock.cpp">
      <Filter>Source Files</Filter>
    </ClCompile>
    <ClCompile Include="ECOCompWarpDrive.cpp">
      <Filter>Source Files</Filter>
    </ClCompile>
    <ClCompile Include="ECOCompNavigation.cpp">
      <Filter>Source Files</Filter>
    </ClCompile>
    <ClCompile Include="ECOCompIndustry.cpp">
      <Filter>Source Files</Filter>
    </ClCompile>
    <ClCompile Include="ECOWallet.cpp">
      <Filter>Source Files</Filter>
    </ClCompile>
    <ClCompile Include="ECOStorage.cpp">
      <Filter>Source Files</Filter>
    </ClCompile>
    <ClCompile Include="ECOPriceList.cpp">
      <Filter>Source Files</Filter>
    </ClCompile>
    <ClCompile Include="ECOComponentFactory.cpp">
      <Filter>Source Files</Filter>
    </ClCompile>
    <ClCompile Include="ECOEntityFactory.cpp">
      <Filter>Source Files</Filter>
    </ClCompile>
    <ClCompile Include="ECOXmlComponentFactory.cpp">
      <Filter>Source Files</Filter>
    </ClCompile>
  </ItemGroup>
  <ItemGroup>
    <ClInclude Include="stdafx.h">
      <Filter>Source Files</Filter>
    </ClInclude>
    <ClInclude Include="ECOEntity.h">
      <Filter>Source Files</Filter>
    </ClInclude>
    <ClInclude Include="ECOUniverse.h">
      <Filter>Source Files</Filter>
    </ClInclude>
    <ClInclude Include="ECOTradeRoute.h">
      <Filter>Source Files</Filter>
    </ClInclude>
    <ClInclude Include="ECOXml.h">
      <Filter>Source Files</Filter>
    </ClInclude>
    <ClInclude Include="ECOProduct.h">
      <Filter>Source Files</Filter>
    </ClInclude>
    <ClInclude Include="ECOComponent.h">
      <Filter>Source Files</Filter>
    </ClInclude>
    <ClInclude Include="ECOCompMarket.h">
      <Filter>Source Files</Filter>
    </ClInclude>
    <ClInclude Include="ECOCompDock.h">
      <Filter>Source Files</Filter>
    </ClInclude>
    <ClInclude Include="ECOCompWarpDrive.h">
      <Filter>Source Files</Filter>
    </ClInclude>
    <ClInclude Include="ECOCompNavigation.h">
      <Filter>Source Files</Filter>
    </ClInclude>
    <ClInclude Include="ECOCompIndustry.h">
      <Filter>Source Files</Filter>
    </ClInclude>
    <ClInclude Include="ECOWallet.h">
      <Filter>Source Files</Filter>
    </ClInclude>
    <ClInclude Include="ECOStorage.h">
      <Filter>Source Files</Filter>
    </ClInclude>
    <ClInclude Include="ECOPriceList.h">
      <Filter>Source Files</Filter>
    </ClInclude>
    <ClInclude Include="ECOComponentFactory.h">
      <Filter>Source Files</Filter>
    </ClInclude>
    <ClInclude Include="ECOEntityFactory.h">
      <Filter>Source Files</Filter>
    </ClInclude>
    <ClInclude Include="ECODefines.h">
      <Filter>Source Files</Filter>
    </ClInclude>
    <ClInclude Include="ECOCompGovernor.h">
      <Filter>Source Files</Filter>
    </ClInclude>
    <ClInclude Include="ECOXmlComponentFactory.h">
      <Filter>Source Files</Filter>
    </ClInclude>
  </ItemGroup>
</Project>