<?xml version="1.0" encoding="utf-8"?>
<Project ToolsVersion="4.0" xmlns="http://schemas.microsoft.com/developer/msbuild/2003">
  <ItemGroup>
    <Filter Include="Source Files">
      <UniqueIdentifier>{4FC737F1-C7A5-4376-A066-2A32D752A2FF}</UniqueIdentifier>
      <Extensions>cpp;c;cc;cxx;def;odl;idl;hpj;bat;asm;asmx</Extensions>
    </Filter>
  </ItemGroup>
  <ItemGroup>
    <ClInclude Include="GFXCanvas.h">
      <Filter>Source Files</Filter>
    </ClInclude>
    <ClInclude Include="GFXCanvasView.h">
      <Filter>Source Files</Filter>
    </ClInclude>
    <ClInclude Include="GFXTextureAtlas.h">
      <Filter>Source Files</Filter>
    </ClInclude>
    <ClInclude Include="stdafx.h">
      <Filter>Source Files</Filter>
    </ClInclude>
    <ClInclude Include="GFXVertex.h">
      <Filter>Source Files</Filter>
    </ClInclude>
    <ClInclude Include="GFXConsts.h">
      <Filter>Source Files</Filter>
    </ClInclude>
    <ClInclude Include="GFXFwd.h">
      <Filter>Source Files</Filter>
    </ClInclude>
    <ClInclude Include="GFXTextureRepository.h">
      <Filter>Source Files</Filter>
    </ClInclude>
    <ClInclude Include="GFXShaderRepository.h">
      <Filter>Source Files</Filter>
    </ClInclude>
    <ClInclude Include="GFXMesh.h">
      <Filter>Source Files</Filter>
    </ClInclude>
    <ClInclude Include="GFXHelper.h">
      <Filter>Source Files</Filter>
    </ClInclude>
  </ItemGroup>
  <ItemGroup>
    <ClCompile Include="stdafx.cpp">
      <Filter>Source Files</Filter>
    </ClCompile>
    <ClCompile Include="GFXCanvas.cpp">
      <Filter>Source Files</Filter>
    </ClCompile>
    <ClCompile Include="GFXCanvasView.cpp">
      <Filter>Source Files</Filter>
    </ClCompile>
    <ClCompile Include="GFXTextureAtlas.cpp">
      <Filter>Source Files</Filter>
    </ClCompile>
    <ClCompile Include="GFXVertex.cpp">
      <Filter>Source Files</Filter>
    </ClCompile>
    <ClCompile Include="GFXTextureRepository.cpp">
      <Filter>Source Files</Filter>
    </ClCompile>
    <ClCompile Include="GFXShaderRepository.cpp">
      <Filter>Source Files</Filter>
    </ClCompile>
    <ClCompile Include="GFXMesh.cpp">
      <Filter>Source Files</Filter>
    </ClCompile>
    <ClCompile Include="GFXHelper.cpp">
      <Filter>Source Files</Filter>
    </ClCompile>
  </ItemGroup>
</Project>