<?xml version="1.0" encoding="utf-8"?>
<Project ToolsVersion="4.0" xmlns="http://schemas.microsoft.com/developer/msbuild/2003">
  <ItemGroup>
    <Filter Include="Source Files">
      <UniqueIdentifier>{4FC737F1-C7A5-4376-A066-2A32D752A2FF}</UniqueIdentifier>
      <Extensions>cpp;c;cc;cxx;def;odl;idl;hpj;bat;asm;asmx</Extensions>
    </Filter>
  </ItemGroup>
  <ItemGroup>
    <ClCompile Include="stdafx.cpp">
      <Filter>Source Files</Filter>
    </ClCompile>
    <ClCompile Include="GUILabel.cpp">
      <Filter>Source Files</Filter>
    </ClCompile>
    <ClCompile Include="GUIPanel.cpp">
      <Filter>Source Files</Filter>
    </ClCompile>
    <ClCompile Include="GUIRect.cpp">
      <Filter>Source Files</Filter>
    </ClCompile>
    <ClCompile Include="GUIStackPanel.cpp">
      <Filter>Source Files</Filter>
    </ClCompile>
    <ClCompile Include="GUIWidget.cpp">
      <Filter>Source Files</Filter>
    </ClCompile>
    <ClCompile Include="GUIWidgetContainer.cpp">
      <Filter>Source Files</Filter>
    </ClCompile>
    <ClCompile Include="GUIWidgetListContainer.cpp">
      <Filter>Source Files</Filter>
    </ClCompile>
    <ClCompile Include="GUIXml.cpp">
      <Filter>Source Files</Filter>
    </ClCompile>
    <ClCompile Include="GUILayer.cpp">
      <Filter>Source Files</Filter>
    </ClCompile>
    <ClCompile Include="GUILayerStack.cpp">
      <Filter>Source Files</Filter>
    </ClCompile>
    <ClCompile Include="GUIScreen.cpp">
      <Filter>Source Files</Filter>
    </ClCompile>
  </ItemGroup>
  <ItemGroup>
    <ClInclude Include="stdafx.h">
      <Filter>Source Files</Filter>
    </ClInclude>
    <ClInclude Include="GUIConsts.h">
      <Filter>Source Files</Filter>
    </ClInclude>
    <ClInclude Include="GUIContext.h">
      <Filter>Source Files</Filter>
    </ClInclude>
    <ClInclude Include="GUILabel.h">
      <Filter>Source Files</Filter>
    </ClInclude>
    <ClInclude Include="GUIPanel.h">
      <Filter>Source Files</Filter>
    </ClInclude>
    <ClInclude Include="GUIRect.h">
      <Filter>Source Files</Filter>
    </ClInclude>
    <ClInclude Include="GUIStackPanel.h">
      <Filter>Source Files</Filter>
    </ClInclude>
    <ClInclude Include="GUIWidget.h">
      <Filter>Source Files</Filter>
    </ClInclude>
    <ClInclude Include="GUIWidgetContainer.h">
      <Filter>Source Files</Filter>
    </ClInclude>
    <ClInclude Include="GUIWidgetListContainer.h">
      <Filter>Source Files</Filter>
    </ClInclude>
    <ClInclude Include="GUIXml.h">
      <Filter>Source Files</Filter>
    </ClInclude>
    <ClInclude Include="GUIFwd.h">
      <Filter>Source Files</Filter>
    </ClInclude>
    <ClInclude Include="GUILayer.h">
      <Filter>Source Files</Filter>
    </ClInclude>
    <ClInclude Include="GUILayerStack.h">
      <Filter>Source Files</Filter>
    </ClInclude>
    <ClInclude Include="GUIScreen.h">
      <Filter>Source Files</Filter>
    </ClInclude>
  </ItemGroup>
</Project>